{
  "name": "meds",
  "lockfileVersion": 3,
  "requires": true,
  "packages": {
    "": {
      "devDependencies": {
        "svelte-awesome-icons": "^0.2.16"
      }
    },
    "node_modules/svelte-awesome-icons": {
      "version": "0.2.16",
      "resolved": "https://registry.npmjs.org/svelte-awesome-icons/-/svelte-awesome-icons-0.2.16.tgz",
      "integrity": "sha512-HyiFSLaCmHKV/YYfYP4Ms2i38hbtE+kWVq38Sj7CpM1tWGfvs1rumPT3FqlKlnw7jx1yxv79/MPLnkmQYGoSsg==",
      "dev": true
    }
  }
}
